
Microsoft Visual Studio Solution File, Format Version 12.00
# Visual Studio Version 17
VisualStudioVersion = 17.9.34622.214
MinimumVisualStudioVersion = 10.0.40219.1
Project("{FAE04EC0-301F-11D3-BF4B-00C04F79EFBC}") = "Lekcja7.zad.9", "Lekcja7.zad.9\Lekcja7.zad.9.csproj", "{A9A42436-1FFF-4935-84C2-55D95E0FDB3B}"
EndProject
Global
	GlobalSection(SolutionConfigurationPlatforms) = preSolution
		Debug|Any CPU = Debug|Any CPU
		Release|Any CPU = Release|Any CPU
	EndGlobalSection
	GlobalSection(ProjectConfigurationPlatforms) = postSolution
		{A9A42436-1FFF-4935-84C2-55D95E0FDB3B}.Debug|Any CPU.ActiveCfg = Debug|Any CPU
		{A9A42436-1FFF-4935-84C2-55D95E0FDB3B}.Debug|Any CPU.Build.0 = Debug|Any CPU
		{A9A42436-1FFF-4935-84C2-55D95E0FDB3B}.Release|Any CPU.ActiveCfg = Release|Any CPU
		{A9A42436-1FFF-4935-84C2-55D95E0FDB3B}.Release|Any CPU.Build.0 = Release|Any CPU
	EndGlobalSection
	GlobalSection(SolutionProperties) = preSolution
		HideSolutionNode = FALSE
	EndGlobalSection
	GlobalSection(ExtensibilityGlobals) = postSolution
		SolutionGuid = {A9341445-FAD0-45BA-B1B5-61F68852BCD4}
	EndGlobalSection
EndGlobal
